
Microsoft Visual Studio Solution File, Format Version 12.00
Project("{FAE04EC0-301F-11D3-BF4B-00C04F79EFBC}") = "Console Messenger", "Console Messenger.csproj", "{FF46AAE2-4193-4480-BB8C-D5CBB4E6E14D}"
EndProject
Global
	GlobalSection(SolutionConfigurationPlatforms) = preSolution
		Debug|Any CPU = Debug|Any CPU
		Release|Any CPU = Release|Any CPU
	EndGlobalSection
	GlobalSection(ProjectConfigurationPlatforms) = postSolution
		{FF46AAE2-4193-4480-BB8C-D5CBB4E6E14D}.Debug|Any CPU.ActiveCfg = Debug|Any CPU
		{FF46AAE2-4193-4480-BB8C-D5CBB4E6E14D}.Debug|Any CPU.Build.0 = Debug|Any CPU
		{FF46AAE2-4193-4480-BB8C-D5CBB4E6E14D}.Release|Any CPU.ActiveCfg = Release|Any CPU
		{FF46AAE2-4193-4480-BB8C-D5CBB4E6E14D}.Release|Any CPU.Build.0 = Release|Any CPU
	EndGlobalSection
EndGlobal
